# This file was autogenerated by Stack.
# You should not edit this file by hand.
# For more information, please see the documentation at:
#   https://docs.haskellstack.org/en/stable/lock_files

packages:
- completed:
    hackage: ghc-dump-core-0.2.1.0@sha256:715a83da6c8f16c697517886b2872a99d0548632b01813f575143a29ac813d59,2459
    pantry-tree:
      sha256: fbb5e5964f7d09f8ebc00844ac654c5051ce47d9d8f33b87bcc3a34627c5030b
      size: 330
  original:
    hackage: ghc-dump-core-0.2.1.0@sha256:715a83da6c8f16c697517886b2872a99d0548632b01813f575143a29ac813d59,2459
snapshots:
- completed:
    sha256: 1ecad1f0bd2c27de88dbff6572446cfdf647c615d58a7e2e2085c6b7dfc04176
    size: 619403
    url: https://raw.githubusercontent.com/commercialhaskell/stackage-snapshots/master/lts/19/25.yaml
  original:
    url: https://raw.githubusercontent.com/commercialhaskell/stackage-snapshots/master/lts/19/25.yaml
